{
  "name": "dsh-capability-receipt",
  "version": "0.3.0",
  "lockfileVersion": 3,
  "requires": true,
  "packages": {
    "": {
      "name": "dsh-capability-receipt",
      "version": "0.3.0",
      "license": "MIT",
      "bin": {
        "dsh-capability-receipt": "bin/dsh-capability-receipt.mjs"
      },
      "engines": {
        "node": ">=22"
      }
    }
  }
}
